
Microsoft Visual Studio Solution File, Format Version 12.00
# Visual Studio Version 17
VisualStudioVersion = 17.12.35527.113 d17.12
MinimumVisualStudioVersion = 10.0.40219.1
Project("{FAE04EC0-301F-11D3-BF4B-00C04F79EFBC}") = "WEB", "WEB.csproj", "{06E2EB36-EF4D-42A5-AAB9-A3D603CC93FB}"
EndProject
Project("{FAE04EC0-301F-11D3-BF4B-00C04F79EFBC}") = "Entity", "..\Entity\Entity.csproj", "{832771C3-AF76-48F1-A2C1-0E9FEC71F3E1}"
EndProject
Project("{FAE04EC0-301F-11D3-BF4B-00C04F79EFBC}") = "Application", "..\Application\Application.csproj", "{25414C77-43CD-4CBB-91BA-E336FD3DDAE3}"
EndProject
Project("{FAE04EC0-301F-11D3-BF4B-00C04F79EFBC}") = "Infrastructure", "..\Infrastructure\Infrastructure.csproj", "{3DDFDB82-567F-4EA8-B3C3-6D3896CEF096}"
EndProject
Global
	GlobalSection(SolutionConfigurationPlatforms) = preSolution
		Debug|Any CPU = Debug|Any CPU
		Release|Any CPU = Release|Any CPU
	EndGlobalSection
	GlobalSection(ProjectConfigurationPlatforms) = postSolution
		{06E2EB36-EF4D-42A5-AAB9-A3D603CC93FB}.Debug|Any CPU.ActiveCfg = Debug|Any CPU
		{06E2EB36-EF4D-42A5-AAB9-A3D603CC93FB}.Debug|Any CPU.Build.0 = Debug|Any CPU
		{06E2EB36-EF4D-42A5-AAB9-A3D603CC93FB}.Release|Any CPU.ActiveCfg = Release|Any CPU
		{06E2EB36-EF4D-42A5-AAB9-A3D603CC93FB}.Release|Any CPU.Build.0 = Release|Any CPU
		{832771C3-AF76-48F1-A2C1-0E9FEC71F3E1}.Debug|Any CPU.ActiveCfg = Debug|Any CPU
		{832771C3-AF76-48F1-A2C1-0E9FEC71F3E1}.Debug|Any CPU.Build.0 = Debug|Any CPU
		{832771C3-AF76-48F1-A2C1-0E9FEC71F3E1}.Release|Any CPU.ActiveCfg = Release|Any CPU
		{832771C3-AF76-48F1-A2C1-0E9FEC71F3E1}.Release|Any CPU.Build.0 = Release|Any CPU
		{25414C77-43CD-4CBB-91BA-E336FD3DDAE3}.Debug|Any CPU.ActiveCfg = Debug|Any CPU
		{25414C77-43CD-4CBB-91BA-E336FD3DDAE3}.Debug|Any CPU.Build.0 = Debug|Any CPU
		{25414C77-43CD-4CBB-91BA-E336FD3DDAE3}.Release|Any CPU.ActiveCfg = Release|Any CPU
		{25414C77-43CD-4CBB-91BA-E336FD3DDAE3}.Release|Any CPU.Build.0 = Release|Any CPU
		{3DDFDB82-567F-4EA8-B3C3-6D3896CEF096}.Debug|Any CPU.ActiveCfg = Debug|Any CPU
		{3DDFDB82-567F-4EA8-B3C3-6D3896CEF096}.Debug|Any CPU.Build.0 = Debug|Any CPU
		{3DDFDB82-567F-4EA8-B3C3-6D3896CEF096}.Release|Any CPU.ActiveCfg = Release|Any CPU
		{3DDFDB82-567F-4EA8-B3C3-6D3896CEF096}.Release|Any CPU.Build.0 = Release|Any CPU
	EndGlobalSection
	GlobalSection(SolutionProperties) = preSolution
		HideSolutionNode = FALSE
	EndGlobalSection
EndGlobal
